
Microsoft Visual Studio Solution File, Format Version 12.00
# Visual Studio Version 17
VisualStudioVersion = 17.12.35527.113 d17.12
MinimumVisualStudioVersion = 10.0.40219.1
Project("{FAE04EC0-301F-11D3-BF4B-00C04F79EFBC}") = "IN_Clone.Server", "IN_Clone.Server\IN_Clone.Server.csproj", "{98C266CD-CBD8-4C3A-A506-F874237013E0}"
EndProject
Project("{54A90642-561A-4BB1-A94E-469ADEE60C69}") = "in_clone.client", "in_clone.client\in_clone.client.esproj", "{0D427B03-FB6B-4A75-8FEF-1E1C44D3C6A4}"
EndProject
Global
	GlobalSection(SolutionConfigurationPlatforms) = preSolution
		Debug|Any CPU = Debug|Any CPU
		Release|Any CPU = Release|Any CPU
	EndGlobalSection
	GlobalSection(ProjectConfigurationPlatforms) = postSolution
		{98C266CD-CBD8-4C3A-A506-F874237013E0}.Debug|Any CPU.ActiveCfg = Debug|Any CPU
		{98C266CD-CBD8-4C3A-A506-F874237013E0}.Debug|Any CPU.Build.0 = Debug|Any CPU
		{98C266CD-CBD8-4C3A-A506-F874237013E0}.Release|Any CPU.ActiveCfg = Release|Any CPU
		{98C266CD-CBD8-4C3A-A506-F874237013E0}.Release|Any CPU.Build.0 = Release|Any CPU
		{0D427B03-FB6B-4A75-8FEF-1E1C44D3C6A4}.Debug|Any CPU.ActiveCfg = Debug|Any CPU
		{0D427B03-FB6B-4A75-8FEF-1E1C44D3C6A4}.Debug|Any CPU.Build.0 = Debug|Any CPU
		{0D427B03-FB6B-4A75-8FEF-1E1C44D3C6A4}.Debug|Any CPU.Deploy.0 = Debug|Any CPU
		{0D427B03-FB6B-4A75-8FEF-1E1C44D3C6A4}.Release|Any CPU.ActiveCfg = Release|Any CPU
		{0D427B03-FB6B-4A75-8FEF-1E1C44D3C6A4}.Release|Any CPU.Build.0 = Release|Any CPU
		{0D427B03-FB6B-4A75-8FEF-1E1C44D3C6A4}.Release|Any CPU.Deploy.0 = Release|Any CPU
	EndGlobalSection
	GlobalSection(SolutionProperties) = preSolution
		HideSolutionNode = FALSE
	EndGlobalSection
EndGlobal
